
Microsoft Visual Studio Solution File, Format Version 12.00
# Visual Studio Version 17
VisualStudioVersion = 17.9.34616.47
MinimumVisualStudioVersion = 10.0.40219.1
Project("{FAE04EC0-301F-11D3-BF4B-00C04F79EFBC}") = "27.2", "27.2.csproj", "{EEDE92A9-3DCD-4E7E-AE78-A968A36BAC02}"
EndProject
Global
	GlobalSection(SolutionConfigurationPlatforms) = preSolution
		Debug|Any CPU = Debug|Any CPU
		Release|Any CPU = Release|Any CPU
	EndGlobalSection
	GlobalSection(ProjectConfigurationPlatforms) = postSolution
		{EEDE92A9-3DCD-4E7E-AE78-A968A36BAC02}.Debug|Any CPU.ActiveCfg = Debug|Any CPU
		{EEDE92A9-3DCD-4E7E-AE78-A968A36BAC02}.Debug|Any CPU.Build.0 = Debug|Any CPU
		{EEDE92A9-3DCD-4E7E-AE78-A968A36BAC02}.Release|Any CPU.ActiveCfg = Release|Any CPU
		{EEDE92A9-3DCD-4E7E-AE78-A968A36BAC02}.Release|Any CPU.Build.0 = Release|Any CPU
	EndGlobalSection
	GlobalSection(SolutionProperties) = preSolution
		HideSolutionNode = FALSE
	EndGlobalSection
	GlobalSection(ExtensibilityGlobals) = postSolution
		SolutionGuid = {4BB53C80-8D8E-4C2C-899E-68DF3C56D9A7}
	EndGlobalSection
EndGlobal
